
Microsoft Visual Studio Solution File, Format Version 12.00
# Visual Studio Version 17
VisualStudioVersion = 17.4.33122.133
MinimumVisualStudioVersion = 10.0.40219.1
Project("{FAE04EC0-301F-11D3-BF4B-00C04F79EFBC}") = "TagHelpers", "TagHelpers\TagHelpers.csproj", "{04F3F303-276A-413D-8120-642DD0C500EF}"
EndProject
Global
	GlobalSection(SolutionConfigurationPlatforms) = preSolution
		Debug|Any CPU = Debug|Any CPU
		Release|Any CPU = Release|Any CPU
	EndGlobalSection
	GlobalSection(ProjectConfigurationPlatforms) = postSolution
		{04F3F303-276A-413D-8120-642DD0C500EF}.Debug|Any CPU.ActiveCfg = Debug|Any CPU
		{04F3F303-276A-413D-8120-642DD0C500EF}.Debug|Any CPU.Build.0 = Debug|Any CPU
		{04F3F303-276A-413D-8120-642DD0C500EF}.Release|Any CPU.ActiveCfg = Release|Any CPU
		{04F3F303-276A-413D-8120-642DD0C500EF}.Release|Any CPU.Build.0 = Release|Any CPU
	EndGlobalSection
	GlobalSection(SolutionProperties) = preSolution
		HideSolutionNode = FALSE
	EndGlobalSection
	GlobalSection(ExtensibilityGlobals) = postSolution
		SolutionGuid = {8B8F24E3-DC1F-4869-98D4-D1A07DA2E051}
	EndGlobalSection
EndGlobal
